<?xml version="1.0" encoding="utf-8"?>
<Project ToolsVersion="4.0" xmlns="http://schemas.microsoft.com/developer/msbuild/2003">
  <ItemGroup>
    <Filter Include="Resource Files">
      <UniqueIdentifier>{67DA6AB6-F800-4c08-8B7A-83BB121AAD01}</UniqueIdentifier>
      <Extensions>rc;ico;cur;bmp;dlg;rc2;rct;bin;rgs;gif;jpg;jpeg;jpe;resx;tiff;tif;png;wav;mfcribbon-ms</Extensions>
    </Filter>
    <Filter Include="IMPORTEXPORT">
      <UniqueIdentifier>{0ec5b3ea-ac00-45e6-a678-03fb2079732c}</UniqueIdentifier>
    </Filter>
  </ItemGroup>
  <ItemGroup>
    <ClCompile Include="MrHandler.cpp">
      <Filter>IMPORTEXPORT</Filter>
    </ClCompile>
    <ClCompile Include="main.cpp" />
    <ClCompile Include="MrMeshHandler.cpp">
      <Filter>IMPORTEXPORT</Filter>
    </ClCompile>
    <ClCompile Include="MrSkelHandler.cpp">
      <Filter>IMPORTEXPORT</Filter>
    </ClCompile>
    <ClCompile Include="MrAnimHandler.cpp">
      <Filter>IMPORTEXPORT</Filter>
    </ClCompile>
  </ItemGroup>
  <ItemGroup>
    <ClInclude Include="Mr.h">
      <Filter>IMPORTEXPORT</Filter>
    </ClInclude>
    <ClInclude Include="MrHandler.h">
      <Filter>IMPORTEXPORT</Filter>
    </ClInclude>
    <ClInclude Include="MrMeshHandler.h">
      <Filter>IMPORTEXPORT</Filter>
    </ClInclude>
    <ClInclude Include="MrSkelHandler.h">
      <Filter>IMPORTEXPORT</Filter>
    </ClInclude>
    <ClInclude Include="MrAnimHandler.h">
      <Filter>IMPORTEXPORT</Filter>
    </ClInclude>
  </ItemGroup>
</Project>